
Microsoft Visual Studio Solution File, Format Version 12.00
# Visual Studio Version 16
VisualStudioVersion = 16.0.30114.105
MinimumVisualStudioVersion = 10.0.40219.1
Project("{9A19103F-16F7-4668-BE54-9A1E7A4F7556}") = "AnaCSharp", "AnaCSharp\AnaCSharp.csproj", "{ECAB8916-E2F7-440F-8E96-7C416ACE0124}"
EndProject
Project("{E53339B2-1760-4266-BCC7-CA923CBCF16C}") = "docker-compose", "docker-compose.dcproj", "{386A6E41-79CF-4E22-9E22-3EAE92D83FB4}"
EndProject
Project("{2150E333-8FDC-42A3-9474-1A3956D46DE8}") = "Solution Items", "Solution Items", "{8B446B36-35AE-426B-94D5-09DFAC2A0876}"
	ProjectSection(SolutionItems) = preProject
		launch.sh = launch.sh
		update.sh = update.sh
	EndProjectSection
EndProject
Project("{9A19103F-16F7-4668-BE54-9A1E7A4F7556}") = "AnaTelegramBotClient", "AnaTelegramBotClient\AnaTelegramBotClient.csproj", "{6526DA82-F15C-4032-88CD-504706CBCE40}"
EndProject
Project("{9A19103F-16F7-4668-BE54-9A1E7A4F7556}") = "AnaTelegramImport", "AnaTelegramImport\AnaTelegramImport.csproj", "{6154756B-7EED-47F8-86EC-BCEA3B401A98}"
EndProject
Project("{9A19103F-16F7-4668-BE54-9A1E7A4F7556}") = "AnaCSharpPolling", "AnaCSharpPolling\AnaCSharpPolling.csproj", "{0C25A852-8345-4627-9913-193D174F6E12}"
EndProject
Project("{2150E333-8FDC-42A3-9474-1A3956D46DE8}") = "Dal", "Dal", "{B78D06B9-BDF1-4A9E-AAF1-CBC9073E27B0}"
EndProject
Project("{9A19103F-16F7-4668-BE54-9A1E7A4F7556}") = "AnaCsharp.Dal.Interfaces", "Dal\AnaCsharp.Dal.Interfaces\AnaCsharp.Dal.Interfaces.csproj", "{DFD06141-930F-4CC8-ABD4-4141EF7F9CDA}"
EndProject
Project("{9A19103F-16F7-4668-BE54-9A1E7A4F7556}") = "AnaCsharp.Dal.SqlServer", "Dal\AnaCsharp.Dal.SqlServer\AnaCsharp.Dal.SqlServer.csproj", "{A5F49AE7-B5AB-4D03-8A5E-C10AAD76F080}"
EndProject
Project("{2150E333-8FDC-42A3-9474-1A3956D46DE8}") = "Bll", "Bll", "{6C23D051-BA89-4C41-A171-B549BB06C4C0}"
EndProject
Project("{9A19103F-16F7-4668-BE54-9A1E7A4F7556}") = "AnaCSharp.Bll.Interfaces", "Bll\AnaCSharp.Bll.Interfaces\AnaCSharp.Bll.Interfaces.csproj", "{62E04DDE-DB75-460B-A62B-07508EB7B7E1}"
EndProject
Project("{9A19103F-16F7-4668-BE54-9A1E7A4F7556}") = "AnaCSharp.BLL", "AnaCSharp.BLL\AnaCSharp.BLL.csproj", "{4499CB6C-7F03-4105-AB3E-977855F42E6F}"
EndProject
Global
	GlobalSection(SolutionConfigurationPlatforms) = preSolution
		Debug|Any CPU = Debug|Any CPU
		Release|Any CPU = Release|Any CPU
	EndGlobalSection
	GlobalSection(ProjectConfigurationPlatforms) = postSolution
		{ECAB8916-E2F7-440F-8E96-7C416ACE0124}.Debug|Any CPU.ActiveCfg = Debug|Any CPU
		{ECAB8916-E2F7-440F-8E96-7C416ACE0124}.Debug|Any CPU.Build.0 = Debug|Any CPU
		{ECAB8916-E2F7-440F-8E96-7C416ACE0124}.Release|Any CPU.ActiveCfg = Release|Any CPU
		{ECAB8916-E2F7-440F-8E96-7C416ACE0124}.Release|Any CPU.Build.0 = Release|Any CPU
		{386A6E41-79CF-4E22-9E22-3EAE92D83FB4}.Debug|Any CPU.ActiveCfg = Debug|Any CPU
		{386A6E41-79CF-4E22-9E22-3EAE92D83FB4}.Debug|Any CPU.Build.0 = Debug|Any CPU
		{386A6E41-79CF-4E22-9E22-3EAE92D83FB4}.Release|Any CPU.ActiveCfg = Release|Any CPU
		{386A6E41-79CF-4E22-9E22-3EAE92D83FB4}.Release|Any CPU.Build.0 = Release|Any CPU
		{6526DA82-F15C-4032-88CD-504706CBCE40}.Debug|Any CPU.ActiveCfg = Debug|Any CPU
		{6526DA82-F15C-4032-88CD-504706CBCE40}.Debug|Any CPU.Build.0 = Debug|Any CPU
		{6526DA82-F15C-4032-88CD-504706CBCE40}.Release|Any CPU.ActiveCfg = Release|Any CPU
		{6526DA82-F15C-4032-88CD-504706CBCE40}.Release|Any CPU.Build.0 = Release|Any CPU
		{6154756B-7EED-47F8-86EC-BCEA3B401A98}.Debug|Any CPU.ActiveCfg = Debug|Any CPU
		{6154756B-7EED-47F8-86EC-BCEA3B401A98}.Debug|Any CPU.Build.0 = Debug|Any CPU
		{6154756B-7EED-47F8-86EC-BCEA3B401A98}.Release|Any CPU.ActiveCfg = Release|Any CPU
		{6154756B-7EED-47F8-86EC-BCEA3B401A98}.Release|Any CPU.Build.0 = Release|Any CPU
		{0C25A852-8345-4627-9913-193D174F6E12}.Debug|Any CPU.ActiveCfg = Debug|Any CPU
		{0C25A852-8345-4627-9913-193D174F6E12}.Debug|Any CPU.Build.0 = Debug|Any CPU
		{0C25A852-8345-4627-9913-193D174F6E12}.Release|Any CPU.ActiveCfg = Release|Any CPU
		{0C25A852-8345-4627-9913-193D174F6E12}.Release|Any CPU.Build.0 = Release|Any CPU
		{DFD06141-930F-4CC8-ABD4-4141EF7F9CDA}.Debug|Any CPU.ActiveCfg = Debug|Any CPU
		{DFD06141-930F-4CC8-ABD4-4141EF7F9CDA}.Debug|Any CPU.Build.0 = Debug|Any CPU
		{DFD06141-930F-4CC8-ABD4-4141EF7F9CDA}.Release|Any CPU.ActiveCfg = Release|Any CPU
		{DFD06141-930F-4CC8-ABD4-4141EF7F9CDA}.Release|Any CPU.Build.0 = Release|Any CPU
		{A5F49AE7-B5AB-4D03-8A5E-C10AAD76F080}.Debug|Any CPU.ActiveCfg = Debug|Any CPU
		{A5F49AE7-B5AB-4D03-8A5E-C10AAD76F080}.Debug|Any CPU.Build.0 = Debug|Any CPU
		{A5F49AE7-B5AB-4D03-8A5E-C10AAD76F080}.Release|Any CPU.ActiveCfg = Release|Any CPU
		{A5F49AE7-B5AB-4D03-8A5E-C10AAD76F080}.Release|Any CPU.Build.0 = Release|Any CPU
		{62E04DDE-DB75-460B-A62B-07508EB7B7E1}.Debug|Any CPU.ActiveCfg = Debug|Any CPU
		{62E04DDE-DB75-460B-A62B-07508EB7B7E1}.Debug|Any CPU.Build.0 = Debug|Any CPU
		{62E04DDE-DB75-460B-A62B-07508EB7B7E1}.Release|Any CPU.ActiveCfg = Release|Any CPU
		{62E04DDE-DB75-460B-A62B-07508EB7B7E1}.Release|Any CPU.Build.0 = Release|Any CPU
		{4499CB6C-7F03-4105-AB3E-977855F42E6F}.Debug|Any CPU.ActiveCfg = Debug|Any CPU
		{4499CB6C-7F03-4105-AB3E-977855F42E6F}.Debug|Any CPU.Build.0 = Debug|Any CPU
		{4499CB6C-7F03-4105-AB3E-977855F42E6F}.Release|Any CPU.ActiveCfg = Release|Any CPU
		{4499CB6C-7F03-4105-AB3E-977855F42E6F}.Release|Any CPU.Build.0 = Release|Any CPU
	EndGlobalSection
	GlobalSection(SolutionProperties) = preSolution
		HideSolutionNode = FALSE
	EndGlobalSection
	GlobalSection(NestedProjects) = preSolution
		{DFD06141-930F-4CC8-ABD4-4141EF7F9CDA} = {B78D06B9-BDF1-4A9E-AAF1-CBC9073E27B0}
		{A5F49AE7-B5AB-4D03-8A5E-C10AAD76F080} = {B78D06B9-BDF1-4A9E-AAF1-CBC9073E27B0}
		{62E04DDE-DB75-460B-A62B-07508EB7B7E1} = {6C23D051-BA89-4C41-A171-B549BB06C4C0}
	EndGlobalSection
	GlobalSection(ExtensibilityGlobals) = postSolution
		SolutionGuid = {0FA09521-F8E8-4581-B738-9D9CBBB5E72B}
	EndGlobalSection
EndGlobal
